
Microsoft Visual Studio Solution File, Format Version 12.00
# Visual Studio Version 17
VisualStudioVersion = 17.4.33213.308
MinimumVisualStudioVersion = 10.0.40219.1
Project("{FAE04EC0-301F-11D3-BF4B-00C04F79EFBC}") = "Shift_Algorithm", "Shift_Algorithm.csproj", "{4EFCD268-554A-4F32-AE4B-550D649E0C84}"
EndProject
Global
	GlobalSection(SolutionConfigurationPlatforms) = preSolution
		Debug|Any CPU = Debug|Any CPU
		Release|Any CPU = Release|Any CPU
	EndGlobalSection
	GlobalSection(ProjectConfigurationPlatforms) = postSolution
		{4EFCD268-554A-4F32-AE4B-550D649E0C84}.Debug|Any CPU.ActiveCfg = Debug|Any CPU
		{4EFCD268-554A-4F32-AE4B-550D649E0C84}.Debug|Any CPU.Build.0 = Debug|Any CPU
		{4EFCD268-554A-4F32-AE4B-550D649E0C84}.Release|Any CPU.ActiveCfg = Release|Any CPU
		{4EFCD268-554A-4F32-AE4B-550D649E0C84}.Release|Any CPU.Build.0 = Release|Any CPU
	EndGlobalSection
	GlobalSection(SolutionProperties) = preSolution
		HideSolutionNode = FALSE
	EndGlobalSection
	GlobalSection(ExtensibilityGlobals) = postSolution
		SolutionGuid = {4821611E-4B48-4410-A28D-C0A734458F66}
	EndGlobalSection
EndGlobal
