
Microsoft Visual Studio Solution File, Format Version 12.00
# Visual Studio Version 17
VisualStudioVersion = 17.4.33213.308
MinimumVisualStudioVersion = 10.0.40219.1
Project("{FAE04EC0-301F-11D3-BF4B-00C04F79EFBC}") = "Caesar_Algorithm", "Caesar_Algorithm.csproj", "{8911F976-6B23-4F5E-98EB-45E18AA54F79}"
EndProject
Global
	GlobalSection(SolutionConfigurationPlatforms) = preSolution
		Debug|Any CPU = Debug|Any CPU
		Release|Any CPU = Release|Any CPU
	EndGlobalSection
	GlobalSection(ProjectConfigurationPlatforms) = postSolution
		{8911F976-6B23-4F5E-98EB-45E18AA54F79}.Debug|Any CPU.ActiveCfg = Debug|Any CPU
		{8911F976-6B23-4F5E-98EB-45E18AA54F79}.Debug|Any CPU.Build.0 = Debug|Any CPU
		{8911F976-6B23-4F5E-98EB-45E18AA54F79}.Release|Any CPU.ActiveCfg = Release|Any CPU
		{8911F976-6B23-4F5E-98EB-45E18AA54F79}.Release|Any CPU.Build.0 = Release|Any CPU
	EndGlobalSection
	GlobalSection(SolutionProperties) = preSolution
		HideSolutionNode = FALSE
	EndGlobalSection
	GlobalSection(ExtensibilityGlobals) = postSolution
		SolutionGuid = {7D63C6A4-15FE-413C-9509-FBDEA1BA55CB}
	EndGlobalSection
EndGlobal
