
Microsoft Visual Studio Solution File, Format Version 12.00
# Visual Studio Version 17
VisualStudioVersion = 17.4.33213.308
MinimumVisualStudioVersion = 10.0.40219.1
Project("{FAE04EC0-301F-11D3-BF4B-00C04F79EFBC}") = "Linear_Crypt_Algorithm", "Linear_Crypt_Algorithm.csproj", "{FDEA17E5-AE8D-4AC5-92AF-F49A5A7F70C4}"
EndProject
Global
	GlobalSection(SolutionConfigurationPlatforms) = preSolution
		Debug|Any CPU = Debug|Any CPU
		Release|Any CPU = Release|Any CPU
	EndGlobalSection
	GlobalSection(ProjectConfigurationPlatforms) = postSolution
		{FDEA17E5-AE8D-4AC5-92AF-F49A5A7F70C4}.Debug|Any CPU.ActiveCfg = Debug|Any CPU
		{FDEA17E5-AE8D-4AC5-92AF-F49A5A7F70C4}.Debug|Any CPU.Build.0 = Debug|Any CPU
		{FDEA17E5-AE8D-4AC5-92AF-F49A5A7F70C4}.Release|Any CPU.ActiveCfg = Release|Any CPU
		{FDEA17E5-AE8D-4AC5-92AF-F49A5A7F70C4}.Release|Any CPU.Build.0 = Release|Any CPU
	EndGlobalSection
	GlobalSection(SolutionProperties) = preSolution
		HideSolutionNode = FALSE
	EndGlobalSection
	GlobalSection(ExtensibilityGlobals) = postSolution
		SolutionGuid = {E7C04B69-63DA-421E-AA22-72009DF98432}
	EndGlobalSection
EndGlobal
